{
  "name": "@drewkimberly/permutations-api",
  "version": "1.0.0",
  "lockfileVersion": 1,
  "requires": true,
  "dependencies": {
    "@drewkimberly/permutations": {
      "version": "2.0.0",
      "resolved": "https://registry.npmjs.org/@drewkimberly/permutations/-/permutations-2.0.0.tgz",
      "integrity": "sha512-4nXsitLFazEACeJwUWDJOAQyqBmJDocCisH/pE3KznQFXKBikqVk2US4GS/E8lU9CUfImQXeECLnjnhcbbiQig==",
      "requires": {
        "power-cartesian-product": "0.0.6"
      }
    },
    "@types/node": {
      "version": "13.13.1",
      "resolved": "https://registry.npmjs.org/@types/node/-/node-13.13.1.tgz",
      "integrity": "sha512-uysqysLJ+As9jqI5yqjwP3QJrhOcUwBjHUlUxPxjbplwKoILvXVsmYWEhfmAQlrPfbRZmhJB007o4L9sKqtHqQ==",
      "dev": true
    },
    "power-cartesian-product": {
      "version": "0.0.6",
      "resolved": "https://registry.npmjs.org/power-cartesian-product/-/power-cartesian-product-0.0.6.tgz",
      "integrity": "sha512-NttTlbll1mOFlzgNXY2lgXmibL5VbRu2TwHVdu7r5HEJAFJT71PTYPFijMdzG6ueItD30uAVlUUb7mmuGMG23Q=="
    },
    "typescript": {
      "version": "3.8.3",
      "resolved": "https://registry.npmjs.org/typescript/-/typescript-3.8.3.tgz",
      "integrity": "sha512-MYlEfn5VrLNsgudQTVJeNaQFUAI7DkhnOjdpAp4T+ku1TfQClewlbSuTVHiA+8skNBgaf02TL/kLOvig4y3G8w==",
      "dev": true
    }
  }
}
